// !$*UTF8*$!
{
	archiveVersion = 1;
	classes = {
	};
	objectVersion = 51;
	objects = {

/* Begin PBXBuildFile section */
		7981732624D2D4B1001C8EA1 /* Podfile in Resources */ = {isa = PBXBuildFile; fileRef = 7981732524D2D4B1001C8EA1 /* Podfile */; };
		7981732824D2D4B1001C8EA1 /* .swiftlint.yml in Resources */ = {isa = PBXBuildFile; fileRef = 7981732724D2D4B1001C8EA1 /* .swiftlint.yml */; };
		7981732A24D2D4B1001C8EA1 /* .gitignore in Resources */ = {isa = PBXBuildFile; fileRef = 7981732924D2D4B1001C8EA1 /* .gitignore */; };
		7981732D24D2D4B1001C8EA1 /* AppConfiguration.swift in Sources */ = {isa = PBXBuildFile; fileRef = 7981732C24D2D4B1001C8EA1 /* AppConfiguration.swift */; };
		7981732F24D2D4B1001C8EA1 /* AppDefaults.swift in Sources */ = {isa = PBXBuildFile; fileRef = 7981732E24D2D4B1001C8EA1 /* AppDefaults.swift */; };
		7981733124D2D4B1001C8EA1 /* AppDelegate.swift in Sources */ = {isa = PBXBuildFile; fileRef = 7981733024D2D4B1001C8EA1 /* AppDelegate.swift */; };
		7981733324D2D4B1001C8EA1 /* AppManager.swift in Sources */ = {isa = PBXBuildFile; fileRef = 7981733224D2D4B1001C8EA1 /* AppManager.swift */; };
		7981733624D2D4B1001C8EA1 /* UIImageView.swift in Sources */ = {isa = PBXBuildFile; fileRef = 7981733524D2D4B1001C8EA1 /* UIImageView.swift */; };
		7981733824D2D4B1001C8EA1 /* UITextField.swift in Sources */ = {isa = PBXBuildFile; fileRef = 7981733724D2D4B1001C8EA1 /* UITextField.swift */; };
		7981733A24D2D4B1001C8EA1 /* UIView.swift in Sources */ = {isa = PBXBuildFile; fileRef = 7981733924D2D4B1001C8EA1 /* UIView.swift */; };
		7981733C24D2D4B1001C8EA1 /* ViperPresenter.swift in Sources */ = {isa = PBXBuildFile; fileRef = 7981733B24D2D4B1001C8EA1 /* ViperPresenter.swift */; };
		7981733E24D2D4B1001C8EA1 /* ViperViewController.swift in Sources */ = {isa = PBXBuildFile; fileRef = 7981733D24D2D4B1001C8EA1 /* ViperViewController.swift */; };
		7981734124D2D4B1001C8EA1 /* LaunchScreen.storyboard in Resources */ = {isa = PBXBuildFile; fileRef = 7981733F24D2D4B1001C8EA1 /* LaunchScreen.storyboard */; };
		7981734524D2D4B1001C8EA1 /* Localizable.strings in Resources */ = {isa = PBXBuildFile; fileRef = 7981734324D2D4B1001C8EA1 /* Localizable.strings */; };
		7981734824D2D4B1001C8EA1 /* AppLocalization.swift in Sources */ = {isa = PBXBuildFile; fileRef = 7981734724D2D4B1001C8EA1 /* AppLocalization.swift */; };
		7981734A24D2D4B1001C8EA1 /* Localizable.swift in Sources */ = {isa = PBXBuildFile; fileRef = 7981734924D2D4B1001C8EA1 /* Localizable.swift */; };
		7981734C24D2D4B1001C8EA1 /* AppLocalizationManager.swift in Sources */ = {isa = PBXBuildFile; fileRef = 7981734B24D2D4B1001C8EA1 /* AppLocalizationManager.swift */; };
		7981735024D2D4B1001C8EA1 /* AppAssets.swift in Sources */ = {isa = PBXBuildFile; fileRef = 7981734F24D2D4B1001C8EA1 /* AppAssets.swift */; };
		7981735224D2D4B1001C8EA1 /* Assets.xcassets in Resources */ = {isa = PBXBuildFile; fileRef = 7981735124D2D4B1001C8EA1 /* Assets.xcassets */; };
		7981735624D2D4B1001C8EA1 /* SF-Pro-Display-Bold.otf in Resources */ = {isa = PBXBuildFile; fileRef = 7981735524D2D4B1001C8EA1 /* SF-Pro-Display-Bold.otf */; };
		7981735824D2D4B1001C8EA1 /* SF-Pro-Display-Semibold.otf in Resources */ = {isa = PBXBuildFile; fileRef = 7981735724D2D4B1001C8EA1 /* SF-Pro-Display-Semibold.otf */; };
		7981735A24D2D4B1001C8EA1 /* SF-Pro-Display-Medium.otf in Resources */ = {isa = PBXBuildFile; fileRef = 7981735924D2D4B1001C8EA1 /* SF-Pro-Display-Medium.otf */; };
		7981735C24D2D4B1001C8EA1 /* SF-Pro-Display-Regular.otf in Resources */ = {isa = PBXBuildFile; fileRef = 7981735B24D2D4B1001C8EA1 /* SF-Pro-Display-Regular.otf */; };
		7981735E24D2D4B1001C8EA1 /* SF-Pro-Display-Light.otf in Resources */ = {isa = PBXBuildFile; fileRef = 7981735D24D2D4B1001C8EA1 /* SF-Pro-Display-Light.otf */; };
		7981736024D2D4B1001C8EA1 /* SFPRO.swift in Sources */ = {isa = PBXBuildFile; fileRef = 7981735F24D2D4B1001C8EA1 /* SFPRO.swift */; };
		7981736324D2D4B1001C8EA1 /* Stylable.swift in Sources */ = {isa = PBXBuildFile; fileRef = 7981736224D2D4B1001C8EA1 /* Stylable.swift */; };
		7981736524D2D4B1001C8EA1 /* StyleWrapper.swift in Sources */ = {isa = PBXBuildFile; fileRef = 7981736424D2D4B1001C8EA1 /* StyleWrapper.swift */; };
		7981736824D2D4B1001C8EA1 /* StyleWrapper+UIButton.swift in Sources */ = {isa = PBXBuildFile; fileRef = 7981736724D2D4B1001C8EA1 /* StyleWrapper+UIButton.swift */; };
		7981736A24D2D4B1001C8EA1 /* StyleWrapper+UILabel.swift in Sources */ = {isa = PBXBuildFile; fileRef = 7981736924D2D4B1001C8EA1 /* StyleWrapper+UILabel.swift */; };
		7981736C24D2D4B1001C8EA1 /* StyleWrapper+UITableView.swift in Sources */ = {isa = PBXBuildFile; fileRef = 7981736B24D2D4B1001C8EA1 /* StyleWrapper+UITableView.swift */; };
		7981736E24D2D4B1001C8EA1 /* StyleWrapper+UITextField.swift in Sources */ = {isa = PBXBuildFile; fileRef = 7981736D24D2D4B1001C8EA1 /* StyleWrapper+UITextField.swift */; };
		7981737024D2D4B1001C8EA1 /* StyleWrapper+UIView.swift in Sources */ = {isa = PBXBuildFile; fileRef = 7981736F24D2D4B1001C8EA1 /* StyleWrapper+UIView.swift */; };
		7981737324D2D4B1001C8EA1 /* AppTheme.swift in Sources */ = {isa = PBXBuildFile; fileRef = 7981737224D2D4B1001C8EA1 /* AppTheme.swift */; };
		7981737524D2D4B1001C8EA1 /* AppThemeManager.swift in Sources */ = {isa = PBXBuildFile; fileRef = 7981737424D2D4B1001C8EA1 /* AppThemeManager.swift */; };
		7981737E24D2D4B1001C8EA1 /* Loader.swift in Sources */ = {isa = PBXBuildFile; fileRef = 7981737D24D2D4B1001C8EA1 /* Loader.swift */; };
		7981738424D2D4B1001C8EA1 /* DisconnectView.swift in Sources */ = {isa = PBXBuildFile; fileRef = 7981738324D2D4B1001C8EA1 /* DisconnectView.swift */; };
		7981738624D2D4B1001C8EA1 /* DisconnectView.xib in Resources */ = {isa = PBXBuildFile; fileRef = 7981738524D2D4B1001C8EA1 /* DisconnectView.xib */; };
		7981738A24D2D4B1001C8EA1 /* BasicNavigationController.swift in Sources */ = {isa = PBXBuildFile; fileRef = 7981738924D2D4B1001C8EA1 /* BasicNavigationController.swift */; };
		7981738E24D2D4B1001C8EA1 /* InitialAssembly.swift in Sources */ = {isa = PBXBuildFile; fileRef = 7981738D24D2D4B1001C8EA1 /* InitialAssembly.swift */; };
		7981739024D2D4B1001C8EA1 /* InitialInteractor.swift in Sources */ = {isa = PBXBuildFile; fileRef = 7981738F24D2D4B1001C8EA1 /* InitialInteractor.swift */; };
		7981739224D2D4B1001C8EA1 /* InitialPresenter.swift in Sources */ = {isa = PBXBuildFile; fileRef = 7981739124D2D4B1001C8EA1 /* InitialPresenter.swift */; };
		7981739424D2D4B1001C8EA1 /* InitialRouter.swift in Sources */ = {isa = PBXBuildFile; fileRef = 7981739324D2D4B1001C8EA1 /* InitialRouter.swift */; };
		7981739624D2D4B1001C8EA1 /* InitialViewController.swift in Sources */ = {isa = PBXBuildFile; fileRef = 7981739524D2D4B1001C8EA1 /* InitialViewController.swift */; };
		7981739824D2D4B1001C8EA1 /* InitialViewController.xib in Resources */ = {isa = PBXBuildFile; fileRef = 7981739724D2D4B1001C8EA1 /* InitialViewController.xib */; };
		7981739A24D2D4B1001C8EA1 /* InitialViewModel.swift in Sources */ = {isa = PBXBuildFile; fileRef = 7981739924D2D4B1001C8EA1 /* InitialViewModel.swift */; };
		7981739E24D2D4B1001C8EA1 /* EntityType.swift in Sources */ = {isa = PBXBuildFile; fileRef = 7981739D24D2D4B1001C8EA1 /* EntityType.swift */; };
		798173A024D2D4B1001C8EA1 /* NoticeParam.swift in Sources */ = {isa = PBXBuildFile; fileRef = 7981739F24D2D4B1001C8EA1 /* NoticeParam.swift */; };
		798173A324D2D4B1001C8EA1 /* ErrorHelper.swift in Sources */ = {isa = PBXBuildFile; fileRef = 798173A224D2D4B1001C8EA1 /* ErrorHelper.swift */; };
		798173AA24D2D4B1001C8EA1 /* ReachabilityManager.swift in Sources */ = {isa = PBXBuildFile; fileRef = 798173A924D2D4B1001C8EA1 /* ReachabilityManager.swift */; };
		798173AD24D2D4B1001C8EA1 /* HTTPMethod.swift in Sources */ = {isa = PBXBuildFile; fileRef = 798173AC24D2D4B1001C8EA1 /* HTTPMethod.swift */; };
		798173AF24D2D4B1001C8EA1 /* RemoteFactory.swift in Sources */ = {isa = PBXBuildFile; fileRef = 798173AE24D2D4B1001C8EA1 /* RemoteFactory.swift */; };
		798173B124D2D4B1001C8EA1 /* RemoteUploadModel.swift in Sources */ = {isa = PBXBuildFile; fileRef = 798173B024D2D4B1001C8EA1 /* RemoteUploadModel.swift */; };
		7981747D24D4A9CB001C8EA1 /* PlaceCellModel.swift in Sources */ = {isa = PBXBuildFile; fileRef = 7981747A24D4A9CB001C8EA1 /* PlaceCellModel.swift */; };
		7981747E24D4A9CB001C8EA1 /* PlaceCell.swift in Sources */ = {isa = PBXBuildFile; fileRef = 7981747B24D4A9CB001C8EA1 /* PlaceCell.swift */; };
		7981747F24D4A9CB001C8EA1 /* PlaceCell.xib in Resources */ = {isa = PBXBuildFile; fileRef = 7981747C24D4A9CB001C8EA1 /* PlaceCell.xib */; };
		7981748724D4AA03001C8EA1 /* PlacesViewModel.swift in Sources */ = {isa = PBXBuildFile; fileRef = 7981748124D4AA03001C8EA1 /* PlacesViewModel.swift */; };
		7981748824D4AA03001C8EA1 /* PlacesViewController.swift in Sources */ = {isa = PBXBuildFile; fileRef = 7981748224D4AA03001C8EA1 /* PlacesViewController.swift */; };
		7981748924D4AA03001C8EA1 /* PlacesAssembly.swift in Sources */ = {isa = PBXBuildFile; fileRef = 7981748324D4AA03001C8EA1 /* PlacesAssembly.swift */; };
		7981748A24D4AA03001C8EA1 /* PlacesRouter.swift in Sources */ = {isa = PBXBuildFile; fileRef = 7981748424D4AA03001C8EA1 /* PlacesRouter.swift */; };
		7981748B24D4AA03001C8EA1 /* PlacesViewController.xib in Resources */ = {isa = PBXBuildFile; fileRef = 7981748524D4AA03001C8EA1 /* PlacesViewController.xib */; };
		7981748C24D4AA03001C8EA1 /* PlacesPresenter.swift in Sources */ = {isa = PBXBuildFile; fileRef = 7981748624D4AA03001C8EA1 /* PlacesPresenter.swift */; };
		7981749524D4AEE2001C8EA1 /* MapViewModel.swift in Sources */ = {isa = PBXBuildFile; fileRef = 7981748F24D4AEE2001C8EA1 /* MapViewModel.swift */; };
		7981749624D4AEE2001C8EA1 /* MapViewController.swift in Sources */ = {isa = PBXBuildFile; fileRef = 7981749024D4AEE2001C8EA1 /* MapViewController.swift */; };
		7981749724D4AEE2001C8EA1 /* MapAssembly.swift in Sources */ = {isa = PBXBuildFile; fileRef = 7981749124D4AEE2001C8EA1 /* MapAssembly.swift */; };
		7981749824D4AEE2001C8EA1 /* MapRouter.swift in Sources */ = {isa = PBXBuildFile; fileRef = 7981749224D4AEE2001C8EA1 /* MapRouter.swift */; };
		7981749924D4AEE2001C8EA1 /* MapViewController.xib in Resources */ = {isa = PBXBuildFile; fileRef = 7981749324D4AEE2001C8EA1 /* MapViewController.xib */; };
		7981749A24D4AEE2001C8EA1 /* MapPresenter.swift in Sources */ = {isa = PBXBuildFile; fileRef = 7981749424D4AEE2001C8EA1 /* MapPresenter.swift */; };
		E90D0AC12D5AA476DF989B05 /* Pods_DEMO_Favorite_Locations.framework in Frameworks */ = {isa = PBXBuildFile; fileRef = 6CAFA0190EB5712B88228256 /* Pods_DEMO_Favorite_Locations.framework */; };
/* End PBXBuildFile section */

/* Begin PBXFileReference section */
		6CAFA0190EB5712B88228256 /* Pods_DEMO_Favorite_Locations.framework */ = {isa = PBXFileReference; explicitFileType = wrapper.framework; includeInIndex = 0; path = Pods_DEMO_Favorite_Locations.framework; sourceTree = BUILT_PRODUCTS_DIR; };
		7981732224D2D4B1001C8EA1 /* DEMO Favorite Locations.app */ = {isa = PBXFileReference; explicitFileType = wrapper.application; includeInIndex = 0; path = "DEMO Favorite Locations.app"; sourceTree = BUILT_PRODUCTS_DIR; };
		7981732524D2D4B1001C8EA1 /* Podfile */ = {isa = PBXFileReference; lastKnownFileType = text; name = Podfile; path = ../Podfile; sourceTree = "<group>"; xcLanguageSpecificationIdentifier = xcode.lang.ruby; };
		7981732724D2D4B1001C8EA1 /* .swiftlint.yml */ = {isa = PBXFileReference; lastKnownFileType = text.yaml; name = .swiftlint.yml; path = ../.swiftlint.yml; sourceTree = "<group>"; };
		7981732924D2D4B1001C8EA1 /* .gitignore */ = {isa = PBXFileReference; lastKnownFileType = text; name = .gitignore; path = ../.gitignore; sourceTree = "<group>"; };
		7981732C24D2D4B1001C8EA1 /* AppConfiguration.swift */ = {isa = PBXFileReference; lastKnownFileType = sourcecode.swift; path = AppConfiguration.swift; sourceTree = "<group>"; };
		7981732E24D2D4B1001C8EA1 /* AppDefaults.swift */ = {isa = PBXFileReference; lastKnownFileType = sourcecode.swift; path = AppDefaults.swift; sourceTree = "<group>"; };
		7981733024D2D4B1001C8EA1 /* AppDelegate.swift */ = {isa = PBXFileReference; lastKnownFileType = sourcecode.swift; path = AppDelegate.swift; sourceTree = "<group>"; };
		7981733224D2D4B1001C8EA1 /* AppManager.swift */ = {isa = PBXFileReference; lastKnownFileType = sourcecode.swift; path = AppManager.swift; sourceTree = "<group>"; };
		7981733524D2D4B1001C8EA1 /* UIImageView.swift */ = {isa = PBXFileReference; lastKnownFileType = sourcecode.swift; path = UIImageView.swift; sourceTree = "<group>"; };
		7981733724D2D4B1001C8EA1 /* UITextField.swift */ = {isa = PBXFileReference; lastKnownFileType = sourcecode.swift; path = UITextField.swift; sourceTree = "<group>"; };
		7981733924D2D4B1001C8EA1 /* UIView.swift */ = {isa = PBXFileReference; lastKnownFileType = sourcecode.swift; path = UIView.swift; sourceTree = "<group>"; };
		7981733B24D2D4B1001C8EA1 /* ViperPresenter.swift */ = {isa = PBXFileReference; lastKnownFileType = sourcecode.swift; path = ViperPresenter.swift; sourceTree = "<group>"; };
		7981733D24D2D4B1001C8EA1 /* ViperViewController.swift */ = {isa = PBXFileReference; lastKnownFileType = sourcecode.swift; path = ViperViewController.swift; sourceTree = "<group>"; };
		7981734024D2D4B1001C8EA1 /* Base */ = {isa = PBXFileReference; lastKnownFileType = file.storyboard; name = Base; path = Base.lproj/LaunchScreen.storyboard; sourceTree = "<group>"; };
		7981734424D2D4B1001C8EA1 /* en */ = {isa = PBXFileReference; lastKnownFileType = text.plist.strings; name = en; path = en.lproj/Localizable.strings; sourceTree = "<group>"; };
		7981734624D2D4B1001C8EA1 /* ru */ = {isa = PBXFileReference; lastKnownFileType = text.plist.strings; name = ru; path = ru.lproj/Localizable.strings; sourceTree = "<group>"; };
		7981734724D2D4B1001C8EA1 /* AppLocalization.swift */ = {isa = PBXFileReference; lastKnownFileType = sourcecode.swift; path = AppLocalization.swift; sourceTree = "<group>"; };
		7981734924D2D4B1001C8EA1 /* Localizable.swift */ = {isa = PBXFileReference; lastKnownFileType = sourcecode.swift; path = Localizable.swift; sourceTree = "<group>"; };
		7981734B24D2D4B1001C8EA1 /* AppLocalizationManager.swift */ = {isa = PBXFileReference; lastKnownFileType = sourcecode.swift; path = AppLocalizationManager.swift; sourceTree = "<group>"; };
		7981734F24D2D4B1001C8EA1 /* AppAssets.swift */ = {isa = PBXFileReference; lastKnownFileType = sourcecode.swift; path = AppAssets.swift; sourceTree = "<group>"; };
		7981735124D2D4B1001C8EA1 /* Assets.xcassets */ = {isa = PBXFileReference; lastKnownFileType = folder.assetcatalog; path = Assets.xcassets; sourceTree = "<group>"; };
		7981735524D2D4B1001C8EA1 /* SF-Pro-Display-Bold.otf */ = {isa = PBXFileReference; lastKnownFileType = file; path = "SF-Pro-Display-Bold.otf"; sourceTree = "<group>"; };
		7981735724D2D4B1001C8EA1 /* SF-Pro-Display-Semibold.otf */ = {isa = PBXFileReference; lastKnownFileType = file; path = "SF-Pro-Display-Semibold.otf"; sourceTree = "<group>"; };
		7981735924D2D4B1001C8EA1 /* SF-Pro-Display-Medium.otf */ = {isa = PBXFileReference; lastKnownFileType = file; path = "SF-Pro-Display-Medium.otf"; sourceTree = "<group>"; };
		7981735B24D2D4B1001C8EA1 /* SF-Pro-Display-Regular.otf */ = {isa = PBXFileReference; lastKnownFileType = file; path = "SF-Pro-Display-Regular.otf"; sourceTree = "<group>"; };
		7981735D24D2D4B1001C8EA1 /* SF-Pro-Display-Light.otf */ = {isa = PBXFileReference; lastKnownFileType = file; path = "SF-Pro-Display-Light.otf"; sourceTree = "<group>"; };
		7981735F24D2D4B1001C8EA1 /* SFPRO.swift */ = {isa = PBXFileReference; lastKnownFileType = sourcecode.swift; path = SFPRO.swift; sourceTree = "<group>"; };
		7981736224D2D4B1001C8EA1 /* Stylable.swift */ = {isa = PBXFileReference; lastKnownFileType = sourcecode.swift; path = Stylable.swift; sourceTree = "<group>"; };
		7981736424D2D4B1001C8EA1 /* StyleWrapper.swift */ = {isa = PBXFileReference; lastKnownFileType = sourcecode.swift; path = StyleWrapper.swift; sourceTree = "<group>"; };
		7981736724D2D4B1001C8EA1 /* StyleWrapper+UIButton.swift */ = {isa = PBXFileReference; lastKnownFileType = sourcecode.swift; path = "StyleWrapper+UIButton.swift"; sourceTree = "<group>"; };
		7981736924D2D4B1001C8EA1 /* StyleWrapper+UILabel.swift */ = {isa = PBXFileReference; lastKnownFileType = sourcecode.swift; path = "StyleWrapper+UILabel.swift"; sourceTree = "<group>"; };
		7981736B24D2D4B1001C8EA1 /* StyleWrapper+UITableView.swift */ = {isa = PBXFileReference; lastKnownFileType = sourcecode.swift; path = "StyleWrapper+UITableView.swift"; sourceTree = "<group>"; };
		7981736D24D2D4B1001C8EA1 /* StyleWrapper+UITextField.swift */ = {isa = PBXFileReference; lastKnownFileType = sourcecode.swift; path = "StyleWrapper+UITextField.swift"; sourceTree = "<group>"; };
		7981736F24D2D4B1001C8EA1 /* StyleWrapper+UIView.swift */ = {isa = PBXFileReference; lastKnownFileType = sourcecode.swift; path = "StyleWrapper+UIView.swift"; sourceTree = "<group>"; };
		7981737224D2D4B1001C8EA1 /* AppTheme.swift */ = {isa = PBXFileReference; lastKnownFileType = sourcecode.swift; path = AppTheme.swift; sourceTree = "<group>"; };
		7981737424D2D4B1001C8EA1 /* AppThemeManager.swift */ = {isa = PBXFileReference; lastKnownFileType = sourcecode.swift; path = AppThemeManager.swift; sourceTree = "<group>"; };
		7981737724D2D4B1001C8EA1 /* .gitkeep */ = {isa = PBXFileReference; lastKnownFileType = text; path = .gitkeep; sourceTree = "<group>"; };
		7981737924D2D4B1001C8EA1 /* .gitkeep */ = {isa = PBXFileReference; lastKnownFileType = text; path = .gitkeep; sourceTree = "<group>"; };
		7981737D24D2D4B1001C8EA1 /* Loader.swift */ = {isa = PBXFileReference; lastKnownFileType = sourcecode.swift; path = Loader.swift; sourceTree = "<group>"; };
		7981738324D2D4B1001C8EA1 /* DisconnectView.swift */ = {isa = PBXFileReference; lastKnownFileType = sourcecode.swift; path = DisconnectView.swift; sourceTree = "<group>"; };
		7981738524D2D4B1001C8EA1 /* DisconnectView.xib */ = {isa = PBXFileReference; lastKnownFileType = file.xib; path = DisconnectView.xib; sourceTree = "<group>"; };
		7981738924D2D4B1001C8EA1 /* BasicNavigationController.swift */ = {isa = PBXFileReference; lastKnownFileType = sourcecode.swift; path = BasicNavigationController.swift; sourceTree = "<group>"; };
		7981738D24D2D4B1001C8EA1 /* InitialAssembly.swift */ = {isa = PBXFileReference; lastKnownFileType = sourcecode.swift; path = InitialAssembly.swift; sourceTree = "<group>"; };
		7981738F24D2D4B1001C8EA1 /* InitialInteractor.swift */ = {isa = PBXFileReference; lastKnownFileType = sourcecode.swift; path = InitialInteractor.swift; sourceTree = "<group>"; };
		7981739124D2D4B1001C8EA1 /* InitialPresenter.swift */ = {isa = PBXFileReference; lastKnownFileType = sourcecode.swift; path = InitialPresenter.swift; sourceTree = "<group>"; };
		7981739324D2D4B1001C8EA1 /* InitialRouter.swift */ = {isa = PBXFileReference; lastKnownFileType = sourcecode.swift; path = InitialRouter.swift; sourceTree = "<group>"; };
		7981739524D2D4B1001C8EA1 /* InitialViewController.swift */ = {isa = PBXFileReference; lastKnownFileType = sourcecode.swift; path = InitialViewController.swift; sourceTree = "<group>"; };
		7981739724D2D4B1001C8EA1 /* InitialViewController.xib */ = {isa = PBXFileReference; lastKnownFileType = file.xib; path = InitialViewController.xib; sourceTree = "<group>"; };
		7981739924D2D4B1001C8EA1 /* InitialViewModel.swift */ = {isa = PBXFileReference; lastKnownFileType = sourcecode.swift; path = InitialViewModel.swift; sourceTree = "<group>"; };
		7981739D24D2D4B1001C8EA1 /* EntityType.swift */ = {isa = PBXFileReference; lastKnownFileType = sourcecode.swift; path = EntityType.swift; sourceTree = "<group>"; };
		7981739F24D2D4B1001C8EA1 /* NoticeParam.swift */ = {isa = PBXFileReference; lastKnownFileType = sourcecode.swift; path = NoticeParam.swift; sourceTree = "<group>"; };
		798173A224D2D4B1001C8EA1 /* ErrorHelper.swift */ = {isa = PBXFileReference; lastKnownFileType = sourcecode.swift; path = ErrorHelper.swift; sourceTree = "<group>"; };
		798173A924D2D4B1001C8EA1 /* ReachabilityManager.swift */ = {isa = PBXFileReference; lastKnownFileType = sourcecode.swift; path = ReachabilityManager.swift; sourceTree = "<group>"; };
		798173AC24D2D4B1001C8EA1 /* HTTPMethod.swift */ = {isa = PBXFileReference; lastKnownFileType = sourcecode.swift; path = HTTPMethod.swift; sourceTree = "<group>"; };
		798173AE24D2D4B1001C8EA1 /* RemoteFactory.swift */ = {isa = PBXFileReference; lastKnownFileType = sourcecode.swift; path = RemoteFactory.swift; sourceTree = "<group>"; };
		798173B024D2D4B1001C8EA1 /* RemoteUploadModel.swift */ = {isa = PBXFileReference; lastKnownFileType = sourcecode.swift; path = RemoteUploadModel.swift; sourceTree = "<group>"; };
		798173B224D2D4B1001C8EA1 /* Info.plist */ = {isa = PBXFileReference; lastKnownFileType = text.plist.xml; path = Info.plist; sourceTree = "<group>"; };
		7981747A24D4A9CB001C8EA1 /* PlaceCellModel.swift */ = {isa = PBXFileReference; lastKnownFileType = sourcecode.swift; path = PlaceCellModel.swift; sourceTree = "<group>"; };
		7981747B24D4A9CB001C8EA1 /* PlaceCell.swift */ = {isa = PBXFileReference; lastKnownFileType = sourcecode.swift; path = PlaceCell.swift; sourceTree = "<group>"; };
		7981747C24D4A9CB001C8EA1 /* PlaceCell.xib */ = {isa = PBXFileReference; lastKnownFileType = file.xib; path = PlaceCell.xib; sourceTree = "<group>"; };
		7981748124D4AA03001C8EA1 /* PlacesViewModel.swift */ = {isa = PBXFileReference; lastKnownFileType = sourcecode.swift; path = PlacesViewModel.swift; sourceTree = "<group>"; };
		7981748224D4AA03001C8EA1 /* PlacesViewController.swift */ = {isa = PBXFileReference; lastKnownFileType = sourcecode.swift; path = PlacesViewController.swift; sourceTree = "<group>"; };
		7981748324D4AA03001C8EA1 /* PlacesAssembly.swift */ = {isa = PBXFileReference; lastKnownFileType = sourcecode.swift; path = PlacesAssembly.swift; sourceTree = "<group>"; };
		7981748424D4AA03001C8EA1 /* PlacesRouter.swift */ = {isa = PBXFileReference; lastKnownFileType = sourcecode.swift; path = PlacesRouter.swift; sourceTree = "<group>"; };
		7981748524D4AA03001C8EA1 /* PlacesViewController.xib */ = {isa = PBXFileReference; lastKnownFileType = file.xib; path = PlacesViewController.xib; sourceTree = "<group>"; };
		7981748624D4AA03001C8EA1 /* PlacesPresenter.swift */ = {isa = PBXFileReference; lastKnownFileType = sourcecode.swift; path = PlacesPresenter.swift; sourceTree = "<group>"; };
		7981748F24D4AEE2001C8EA1 /* MapViewModel.swift */ = {isa = PBXFileReference; lastKnownFileType = sourcecode.swift; path = MapViewModel.swift; sourceTree = "<group>"; };
		7981749024D4AEE2001C8EA1 /* MapViewController.swift */ = {isa = PBXFileReference; lastKnownFileType = sourcecode.swift; path = MapViewController.swift; sourceTree = "<group>"; };
		7981749124D4AEE2001C8EA1 /* MapAssembly.swift */ = {isa = PBXFileReference; lastKnownFileType = sourcecode.swift; path = MapAssembly.swift; sourceTree = "<group>"; };
		7981749224D4AEE2001C8EA1 /* MapRouter.swift */ = {isa = PBXFileReference; lastKnownFileType = sourcecode.swift; path = MapRouter.swift; sourceTree = "<group>"; };
		7981749324D4AEE2001C8EA1 /* MapViewController.xib */ = {isa = PBXFileReference; lastKnownFileType = file.xib; path = MapViewController.xib; sourceTree = "<group>"; };
		7981749424D4AEE2001C8EA1 /* MapPresenter.swift */ = {isa = PBXFileReference; lastKnownFileType = sourcecode.swift; path = MapPresenter.swift; sourceTree = "<group>"; };
		7981749B24D4B723001C8EA1 /* README.md */ = {isa = PBXFileReference; lastKnownFileType = net.daringfireball.markdown; path = README.md; sourceTree = "<group>"; };
		94EBE1C1855E14772C99BEAC /* Pods-DEMO Favorite Locations.debug.xcconfig */ = {isa = PBXFileReference; includeInIndex = 1; lastKnownFileType = text.xcconfig; name = "Pods-DEMO Favorite Locations.debug.xcconfig"; path = "Target Support Files/Pods-DEMO Favorite Locations/Pods-DEMO Favorite Locations.debug.xcconfig"; sourceTree = "<group>"; };
		AE332B5A21EBECC0816EA41F /* Pods-DEMO Favorite Locations.release.xcconfig */ = {isa = PBXFileReference; includeInIndex = 1; lastKnownFileType = text.xcconfig; name = "Pods-DEMO Favorite Locations.release.xcconfig"; path = "Target Support Files/Pods-DEMO Favorite Locations/Pods-DEMO Favorite Locations.release.xcconfig"; sourceTree = "<group>"; };
/* End PBXFileReference section */

/* Begin PBXFrameworksBuildPhase section */
		7981731E24D2D4B1001C8EA1 /* Frameworks */ = {
			isa = PBXFrameworksBuildPhase;
			buildActionMask = 2147483647;
			files = (
				E90D0AC12D5AA476DF989B05 /* Pods_DEMO_Favorite_Locations.framework in Frameworks */,
			);
			runOnlyForDeploymentPostprocessing = 0;
		};
/* End PBXFrameworksBuildPhase section */

/* Begin PBXGroup section */
		04425518FE1C7CB49519B89A /* Frameworks */ = {
			isa = PBXGroup;
			children = (
				6CAFA0190EB5712B88228256 /* Pods_DEMO_Favorite_Locations.framework */,
			);
			name = Frameworks;
			sourceTree = "<group>";
		};
		7981731824D2D4B1001C8EA1 = {
			isa = PBXGroup;
			children = (
				7981732424D2D4B1001C8EA1 /* DEMO Favorite Locations */,
				7981732324D2D4B1001C8EA1 /* Products */,
				8E9F84FB8A794D697BD3D6EA /* Pods */,
				04425518FE1C7CB49519B89A /* Frameworks */,
			);
			sourceTree = "<group>";
		};
		7981732324D2D4B1001C8EA1 /* Products */ = {
			isa = PBXGroup;
			children = (
				7981732224D2D4B1001C8EA1 /* DEMO Favorite Locations.app */,
			);
			name = Products;
			sourceTree = "<group>";
		};
		7981732424D2D4B1001C8EA1 /* DEMO Favorite Locations */ = {
			isa = PBXGroup;
			children = (
				7981732524D2D4B1001C8EA1 /* Podfile */,
				7981732724D2D4B1001C8EA1 /* .swiftlint.yml */,
				7981732924D2D4B1001C8EA1 /* .gitignore */,
				798173B224D2D4B1001C8EA1 /* Info.plist */,
				7981732B24D2D4B1001C8EA1 /* 👑 Application Layer */,
				7981737624D2D4B1001C8EA1 /* 🧠 Data Layer */,
				7981737824D2D4B1001C8EA1 /* 🧩 Domain Layer */,
				7981737A24D2D4B1001C8EA1 /* 🌟 Presentation Layer */,
				7981739B24D2D4B1001C8EA1 /* 🤖 Service Layer */,
				7981749B24D4B723001C8EA1 /* README.md */,
			);
			path = "DEMO Favorite Locations";
			sourceTree = "<group>";
		};
		7981732B24D2D4B1001C8EA1 /* 👑 Application Layer */ = {
			isa = PBXGroup;
			children = (
				7981732C24D2D4B1001C8EA1 /* AppConfiguration.swift */,
				7981732E24D2D4B1001C8EA1 /* AppDefaults.swift */,
				7981733024D2D4B1001C8EA1 /* AppDelegate.swift */,
				7981733224D2D4B1001C8EA1 /* AppManager.swift */,
				7981733F24D2D4B1001C8EA1 /* LaunchScreen.storyboard */,
				7981733424D2D4B1001C8EA1 /* Extension */,
				7981734224D2D4B1001C8EA1 /* Localization */,
				7981734D24D2D4B1001C8EA1 /* Resources */,
			);
			path = "👑 Application Layer";
			sourceTree = "<group>";
		};
		7981733424D2D4B1001C8EA1 /* Extension */ = {
			isa = PBXGroup;
			children = (
				7981733524D2D4B1001C8EA1 /* UIImageView.swift */,
				7981733724D2D4B1001C8EA1 /* UITextField.swift */,
				7981733924D2D4B1001C8EA1 /* UIView.swift */,
				7981733B24D2D4B1001C8EA1 /* ViperPresenter.swift */,
				7981733D24D2D4B1001C8EA1 /* ViperViewController.swift */,
			);
			path = Extension;
			sourceTree = "<group>";
		};
		7981734224D2D4B1001C8EA1 /* Localization */ = {
			isa = PBXGroup;
			children = (
				7981734324D2D4B1001C8EA1 /* Localizable.strings */,
				7981734724D2D4B1001C8EA1 /* AppLocalization.swift */,
				7981734924D2D4B1001C8EA1 /* Localizable.swift */,
				7981734B24D2D4B1001C8EA1 /* AppLocalizationManager.swift */,
			);
			path = Localization;
			sourceTree = "<group>";
		};
		7981734D24D2D4B1001C8EA1 /* Resources */ = {
			isa = PBXGroup;
			children = (
				7981734E24D2D4B1001C8EA1 /* Assets */,
				7981735324D2D4B1001C8EA1 /* Fonts */,
				7981736124D2D4B1001C8EA1 /* Style */,
				7981737124D2D4B1001C8EA1 /* Theme */,
			);
			path = Resources;
			sourceTree = "<group>";
		};
		7981734E24D2D4B1001C8EA1 /* Assets */ = {
			isa = PBXGroup;
			children = (
				7981734F24D2D4B1001C8EA1 /* AppAssets.swift */,
				7981735124D2D4B1001C8EA1 /* Assets.xcassets */,
			);
			path = Assets;
			sourceTree = "<group>";
		};
		7981735324D2D4B1001C8EA1 /* Fonts */ = {
			isa = PBXGroup;
			children = (
				7981735424D2D4B1001C8EA1 /* SF Pro Text */,
			);
			path = Fonts;
			sourceTree = "<group>";
		};
		7981735424D2D4B1001C8EA1 /* SF Pro Text */ = {
			isa = PBXGroup;
			children = (
				7981735524D2D4B1001C8EA1 /* SF-Pro-Display-Bold.otf */,
				7981735724D2D4B1001C8EA1 /* SF-Pro-Display-Semibold.otf */,
				7981735924D2D4B1001C8EA1 /* SF-Pro-Display-Medium.otf */,
				7981735B24D2D4B1001C8EA1 /* SF-Pro-Display-Regular.otf */,
				7981735D24D2D4B1001C8EA1 /* SF-Pro-Display-Light.otf */,
				7981735F24D2D4B1001C8EA1 /* SFPRO.swift */,
			);
			path = "SF Pro Text";
			sourceTree = "<group>";
		};
		7981736124D2D4B1001C8EA1 /* Style */ = {
			isa = PBXGroup;
			children = (
				7981736224D2D4B1001C8EA1 /* Stylable.swift */,
				7981736424D2D4B1001C8EA1 /* StyleWrapper.swift */,
				7981736624D2D4B1001C8EA1 /* Components */,
			);
			path = Style;
			sourceTree = "<group>";
		};
		7981736624D2D4B1001C8EA1 /* Components */ = {
			isa = PBXGroup;
			children = (
				7981736724D2D4B1001C8EA1 /* StyleWrapper+UIButton.swift */,
				7981736924D2D4B1001C8EA1 /* StyleWrapper+UILabel.swift */,
				7981736B24D2D4B1001C8EA1 /* StyleWrapper+UITableView.swift */,
				7981736D24D2D4B1001C8EA1 /* StyleWrapper+UITextField.swift */,
				7981736F24D2D4B1001C8EA1 /* StyleWrapper+UIView.swift */,
			);
			path = Components;
			sourceTree = "<group>";
		};
		7981737124D2D4B1001C8EA1 /* Theme */ = {
			isa = PBXGroup;
			children = (
				7981737224D2D4B1001C8EA1 /* AppTheme.swift */,
				7981737424D2D4B1001C8EA1 /* AppThemeManager.swift */,
			);
			path = Theme;
			sourceTree = "<group>";
		};
		7981737624D2D4B1001C8EA1 /* 🧠 Data Layer */ = {
			isa = PBXGroup;
			children = (
				7981737724D2D4B1001C8EA1 /* .gitkeep */,
			);
			path = "🧠 Data Layer";
			sourceTree = "<group>";
		};
		7981737824D2D4B1001C8EA1 /* 🧩 Domain Layer */ = {
			isa = PBXGroup;
			children = (
				7981737924D2D4B1001C8EA1 /* .gitkeep */,
			);
			path = "🧩 Domain Layer";
			sourceTree = "<group>";
		};
		7981737A24D2D4B1001C8EA1 /* 🌟 Presentation Layer */ = {
			isa = PBXGroup;
			children = (
				7981737B24D2D4B1001C8EA1 /* Components */,
				7981738724D2D4B1001C8EA1 /* Navigation */,
				7981738B24D2D4B1001C8EA1 /* User Stories */,
			);
			path = "🌟 Presentation Layer";
			sourceTree = "<group>";
		};
		7981737B24D2D4B1001C8EA1 /* Components */ = {
			isa = PBXGroup;
			children = (
				7981737C24D2D4B1001C8EA1 /* Custom */,
				7981737F24D2D4B1001C8EA1 /* TableCells */,
				7981738124D2D4B1001C8EA1 /* Views */,
			);
			path = Components;
			sourceTree = "<group>";
		};
		7981737C24D2D4B1001C8EA1 /* Custom */ = {
			isa = PBXGroup;
			children = (
				7981737D24D2D4B1001C8EA1 /* Loader.swift */,
			);
			path = Custom;
			sourceTree = "<group>";
		};
		7981737F24D2D4B1001C8EA1 /* TableCells */ = {
			isa = PBXGroup;
			children = (
				7981747A24D4A9CB001C8EA1 /* PlaceCellModel.swift */,
				7981747B24D4A9CB001C8EA1 /* PlaceCell.swift */,
				7981747C24D4A9CB001C8EA1 /* PlaceCell.xib */,
			);
			path = TableCells;
			sourceTree = "<group>";
		};
		7981738124D2D4B1001C8EA1 /* Views */ = {
			isa = PBXGroup;
			children = (
				7981738224D2D4B1001C8EA1 /* DisconnectView */,
			);
			path = Views;
			sourceTree = "<group>";
		};
		7981738224D2D4B1001C8EA1 /* DisconnectView */ = {
			isa = PBXGroup;
			children = (
				7981738324D2D4B1001C8EA1 /* DisconnectView.swift */,
				7981738524D2D4B1001C8EA1 /* DisconnectView.xib */,
			);
			path = DisconnectView;
			sourceTree = "<group>";
		};
		7981738724D2D4B1001C8EA1 /* Navigation */ = {
			isa = PBXGroup;
			children = (
				7981738824D2D4B1001C8EA1 /* Navigation Controller */,
			);
			path = Navigation;
			sourceTree = "<group>";
		};
		7981738824D2D4B1001C8EA1 /* Navigation Controller */ = {
			isa = PBXGroup;
			children = (
				7981738924D2D4B1001C8EA1 /* BasicNavigationController.swift */,
			);
			path = "Navigation Controller";
			sourceTree = "<group>";
		};
		7981738B24D2D4B1001C8EA1 /* User Stories */ = {
			isa = PBXGroup;
			children = (
				7981748E24D4AED2001C8EA1 /* Map */,
				7981748024D4A9E6001C8EA1 /* Places */,
				7981738C24D2D4B1001C8EA1 /* Initial */,
			);
			path = "User Stories";
			sourceTree = "<group>";
		};
		7981738C24D2D4B1001C8EA1 /* Initial */ = {
			isa = PBXGroup;
			children = (
				7981738D24D2D4B1001C8EA1 /* InitialAssembly.swift */,
				7981738F24D2D4B1001C8EA1 /* InitialInteractor.swift */,
				7981739124D2D4B1001C8EA1 /* InitialPresenter.swift */,
				7981739324D2D4B1001C8EA1 /* InitialRouter.swift */,
				7981739524D2D4B1001C8EA1 /* InitialViewController.swift */,
				7981739724D2D4B1001C8EA1 /* InitialViewController.xib */,
				7981739924D2D4B1001C8EA1 /* InitialViewModel.swift */,
			);
			path = Initial;
			sourceTree = "<group>";
		};
		7981739B24D2D4B1001C8EA1 /* 🤖 Service Layer */ = {
			isa = PBXGroup;
			children = (
				7981739C24D2D4B1001C8EA1 /* Enums */,
				798173A124D2D4B1001C8EA1 /* Helpers */,
				798173A424D2D4B1001C8EA1 /* Managers */,
			);
			path = "🤖 Service Layer";
			sourceTree = "<group>";
		};
		7981739C24D2D4B1001C8EA1 /* Enums */ = {
			isa = PBXGroup;
			children = (
				7981739D24D2D4B1001C8EA1 /* EntityType.swift */,
				7981739F24D2D4B1001C8EA1 /* NoticeParam.swift */,
			);
			path = Enums;
			sourceTree = "<group>";
		};
		798173A124D2D4B1001C8EA1 /* Helpers */ = {
			isa = PBXGroup;
			children = (
				798173A224D2D4B1001C8EA1 /* ErrorHelper.swift */,
			);
			path = Helpers;
			sourceTree = "<group>";
		};
		798173A424D2D4B1001C8EA1 /* Managers */ = {
			isa = PBXGroup;
			children = (
				798173A924D2D4B1001C8EA1 /* ReachabilityManager.swift */,
				798173AB24D2D4B1001C8EA1 /* Remote Factory */,
			);
			path = Managers;
			sourceTree = "<group>";
		};
		798173AB24D2D4B1001C8EA1 /* Remote Factory */ = {
			isa = PBXGroup;
			children = (
				798173AC24D2D4B1001C8EA1 /* HTTPMethod.swift */,
				798173AE24D2D4B1001C8EA1 /* RemoteFactory.swift */,
				798173B024D2D4B1001C8EA1 /* RemoteUploadModel.swift */,
			);
			path = "Remote Factory";
			sourceTree = "<group>";
		};
		7981748024D4A9E6001C8EA1 /* Places */ = {
			isa = PBXGroup;
			children = (
				7981748324D4AA03001C8EA1 /* PlacesAssembly.swift */,
				7981748624D4AA03001C8EA1 /* PlacesPresenter.swift */,
				7981748424D4AA03001C8EA1 /* PlacesRouter.swift */,
				7981748224D4AA03001C8EA1 /* PlacesViewController.swift */,
				7981748524D4AA03001C8EA1 /* PlacesViewController.xib */,
				7981748124D4AA03001C8EA1 /* PlacesViewModel.swift */,
			);
			path = Places;
			sourceTree = "<group>";
		};
		7981748E24D4AED2001C8EA1 /* Map */ = {
			isa = PBXGroup;
			children = (
				7981749124D4AEE2001C8EA1 /* MapAssembly.swift */,
				7981749424D4AEE2001C8EA1 /* MapPresenter.swift */,
				7981749224D4AEE2001C8EA1 /* MapRouter.swift */,
				7981749024D4AEE2001C8EA1 /* MapViewController.swift */,
				7981749324D4AEE2001C8EA1 /* MapViewController.xib */,
				7981748F24D4AEE2001C8EA1 /* MapViewModel.swift */,
			);
			path = Map;
			sourceTree = "<group>";
		};
		8E9F84FB8A794D697BD3D6EA /* Pods */ = {
			isa = PBXGroup;
			children = (
				94EBE1C1855E14772C99BEAC /* Pods-DEMO Favorite Locations.debug.xcconfig */,
				AE332B5A21EBECC0816EA41F /* Pods-DEMO Favorite Locations.release.xcconfig */,
			);
			path = Pods;
			sourceTree = "<group>";
		};
/* End PBXGroup section */

/* Begin PBXNativeTarget section */
		7981732124D2D4B1001C8EA1 /* DEMO Favorite Locations */ = {
			isa = PBXNativeTarget;
			buildConfigurationList = 798173B524D2D4B1001C8EA1 /* Build configuration list for PBXNativeTarget "DEMO Favorite Locations" */;
			buildPhases = (
				01B9AC58AFBDE1C23A64D725 /* [CP] Check Pods Manifest.lock */,
				7981731D24D2D4B1001C8EA1 /* Sources */,
				7981731E24D2D4B1001C8EA1 /* Frameworks */,
				7981731F24D2D4B1001C8EA1 /* Resources */,
				7981732024D2D4B1001C8EA1 /* Swift Lint */,
				317618614BFCD1185CD9B028 /* [CP] Embed Pods Frameworks */,
			);
			buildRules = (
			);
			dependencies = (
			);
			name = "DEMO Favorite Locations";
			productName = "DEMO Favorite Locations";
			productReference = 7981732224D2D4B1001C8EA1 /* DEMO Favorite Locations.app */;
			productType = "com.apple.product-type.application";
		};
/* End PBXNativeTarget section */

/* Begin PBXProject section */
		7981731924D2D4B1001C8EA1 /* Project object */ = {
			isa = PBXProject;
			attributes = {
				LastSwiftUpdateCheck = 1160;
				LastUpgradeCheck = 1160;
				ORGANIZATIONNAME = JW;
				TargetAttributes = {
					7981732124D2D4B1001C8EA1 = {
						CreatedOnToolsVersion = 11.6;
					};
				};
			};
			buildConfigurationList = 7981731C24D2D4B1001C8EA1 /* Build configuration list for PBXProject "DEMO Favorite Locations" */;
			compatibilityVersion = "Xcode 9.3";
			developmentRegion = en;
			hasScannedForEncodings = 0;
			knownRegions = (
				en,
				Base,
				ru,
			);
			mainGroup = 7981731824D2D4B1001C8EA1;
			productRefGroup = 7981732324D2D4B1001C8EA1 /* Products */;
			projectDirPath = "";
			projectRoot = "";
			targets = (
				7981732124D2D4B1001C8EA1 /* DEMO Favorite Locations */,
			);
		};
/* End PBXProject section */

/* Begin PBXResourcesBuildPhase section */
		7981731F24D2D4B1001C8EA1 /* Resources */ = {
			isa = PBXResourcesBuildPhase;
			buildActionMask = 2147483647;
			files = (
				7981735824D2D4B1001C8EA1 /* SF-Pro-Display-Semibold.otf in Resources */,
				7981734524D2D4B1001C8EA1 /* Localizable.strings in Resources */,
				7981732824D2D4B1001C8EA1 /* .swiftlint.yml in Resources */,
				7981749924D4AEE2001C8EA1 /* MapViewController.xib in Resources */,
				7981734124D2D4B1001C8EA1 /* LaunchScreen.storyboard in Resources */,
				7981738624D2D4B1001C8EA1 /* DisconnectView.xib in Resources */,
				7981732A24D2D4B1001C8EA1 /* .gitignore in Resources */,
				7981735624D2D4B1001C8EA1 /* SF-Pro-Display-Bold.otf in Resources */,
				7981735A24D2D4B1001C8EA1 /* SF-Pro-Display-Medium.otf in Resources */,
				7981739824D2D4B1001C8EA1 /* InitialViewController.xib in Resources */,
				7981735E24D2D4B1001C8EA1 /* SF-Pro-Display-Light.otf in Resources */,
				7981735224D2D4B1001C8EA1 /* Assets.xcassets in Resources */,
				7981747F24D4A9CB001C8EA1 /* PlaceCell.xib in Resources */,
				7981748B24D4AA03001C8EA1 /* PlacesViewController.xib in Resources */,
				7981735C24D2D4B1001C8EA1 /* SF-Pro-Display-Regular.otf in Resources */,
				7981732624D2D4B1001C8EA1 /* Podfile in Resources */,
			);
			runOnlyForDeploymentPostprocessing = 0;
		};
/* End PBXResourcesBuildPhase section */

/* Begin PBXShellScriptBuildPhase section */
		01B9AC58AFBDE1C23A64D725 /* [CP] Check Pods Manifest.lock */ = {
			isa = PBXShellScriptBuildPhase;
			buildActionMask = 2147483647;
			files = (
			);
			inputFileListPaths = (
			);
			inputPaths = (
				"${PODS_PODFILE_DIR_PATH}/Podfile.lock",
				"${PODS_ROOT}/Manifest.lock",
			);
			name = "[CP] Check Pods Manifest.lock";
			outputFileListPaths = (
			);
			outputPaths = (
				"$(DERIVED_FILE_DIR)/Pods-DEMO Favorite Locations-checkManifestLockResult.txt",
			);
			runOnlyForDeploymentPostprocessing = 0;
			shellPath = /bin/sh;
			shellScript = "diff \"${PODS_PODFILE_DIR_PATH}/Podfile.lock\" \"${PODS_ROOT}/Manifest.lock\" > /dev/null\nif [ $? != 0 ] ; then\n    # print error to STDERR\n    echo \"error: The sandbox is not in sync with the Podfile.lock. Run 'pod install' or update your CocoaPods installation.\" >&2\n    exit 1\nfi\n# This output is used by Xcode 'outputs' to avoid re-running this script phase.\necho \"SUCCESS\" > \"${SCRIPT_OUTPUT_FILE_0}\"\n";
			showEnvVarsInLog = 0;
		};
		317618614BFCD1185CD9B028 /* [CP] Embed Pods Frameworks */ = {
			isa = PBXShellScriptBuildPhase;
			buildActionMask = 2147483647;
			files = (
			);
			inputFileListPaths = (
				"${PODS_ROOT}/Target Support Files/Pods-DEMO Favorite Locations/Pods-DEMO Favorite Locations-frameworks-${CONFIGURATION}-input-files.xcfilelist",
			);
			name = "[CP] Embed Pods Frameworks";
			outputFileListPaths = (
				"${PODS_ROOT}/Target Support Files/Pods-DEMO Favorite Locations/Pods-DEMO Favorite Locations-frameworks-${CONFIGURATION}-output-files.xcfilelist",
			);
			runOnlyForDeploymentPostprocessing = 0;
			shellPath = /bin/sh;
			shellScript = "\"${PODS_ROOT}/Target Support Files/Pods-DEMO Favorite Locations/Pods-DEMO Favorite Locations-frameworks.sh\"\n";
			showEnvVarsInLog = 0;
		};
		7981732024D2D4B1001C8EA1 /* Swift Lint */ = {
			isa = PBXShellScriptBuildPhase;
			buildActionMask = 2147483647;
			files = (
			);
			inputFileListPaths = (
			);
			inputPaths = (
			);
			name = "Swift Lint";
			outputFileListPaths = (
			);
			outputPaths = (
			);
			runOnlyForDeploymentPostprocessing = 0;
			shellPath = /bin/sh;
			shellScript = "# Type a script or drag a script file from your workspace to insert its path.\nif which swiftlint >/dev/null; then\nswiftlint\nelse\necho \"warning: SwiftLint not installed, download from https://github.com/realm/SwiftLint\"\nfi";
		};
/* End PBXShellScriptBuildPhase section */

/* Begin PBXSourcesBuildPhase section */
		7981731D24D2D4B1001C8EA1 /* Sources */ = {
			isa = PBXSourcesBuildPhase;
			buildActionMask = 2147483647;
			files = (
				7981736324D2D4B1001C8EA1 /* Stylable.swift in Sources */,
				7981737524D2D4B1001C8EA1 /* AppThemeManager.swift in Sources */,
				7981737324D2D4B1001C8EA1 /* AppTheme.swift in Sources */,
				7981739624D2D4B1001C8EA1 /* InitialViewController.swift in Sources */,
				7981736E24D2D4B1001C8EA1 /* StyleWrapper+UITextField.swift in Sources */,
				7981736824D2D4B1001C8EA1 /* StyleWrapper+UIButton.swift in Sources */,
				7981734C24D2D4B1001C8EA1 /* AppLocalizationManager.swift in Sources */,
				7981739A24D2D4B1001C8EA1 /* InitialViewModel.swift in Sources */,
				798173AF24D2D4B1001C8EA1 /* RemoteFactory.swift in Sources */,
				7981735024D2D4B1001C8EA1 /* AppAssets.swift in Sources */,
				7981738E24D2D4B1001C8EA1 /* InitialAssembly.swift in Sources */,
				7981749824D4AEE2001C8EA1 /* MapRouter.swift in Sources */,
				7981734A24D2D4B1001C8EA1 /* Localizable.swift in Sources */,
				7981737024D2D4B1001C8EA1 /* StyleWrapper+UIView.swift in Sources */,
				7981739E24D2D4B1001C8EA1 /* EntityType.swift in Sources */,
				7981748C24D4AA03001C8EA1 /* PlacesPresenter.swift in Sources */,
				7981734824D2D4B1001C8EA1 /* AppLocalization.swift in Sources */,
				7981748924D4AA03001C8EA1 /* PlacesAssembly.swift in Sources */,
				7981738A24D2D4B1001C8EA1 /* BasicNavigationController.swift in Sources */,
				798173A024D2D4B1001C8EA1 /* NoticeParam.swift in Sources */,
				7981736A24D2D4B1001C8EA1 /* StyleWrapper+UILabel.swift in Sources */,
				7981748A24D4AA03001C8EA1 /* PlacesRouter.swift in Sources */,
				7981749A24D4AEE2001C8EA1 /* MapPresenter.swift in Sources */,
				7981739224D2D4B1001C8EA1 /* InitialPresenter.swift in Sources */,
				798173AA24D2D4B1001C8EA1 /* ReachabilityManager.swift in Sources */,
				7981733124D2D4B1001C8EA1 /* AppDelegate.swift in Sources */,
				7981739424D2D4B1001C8EA1 /* InitialRouter.swift in Sources */,
				798173AD24D2D4B1001C8EA1 /* HTTPMethod.swift in Sources */,
				7981747E24D4A9CB001C8EA1 /* PlaceCell.swift in Sources */,
				7981733624D2D4B1001C8EA1 /* UIImageView.swift in Sources */,
				7981748824D4AA03001C8EA1 /* PlacesViewController.swift in Sources */,
				798173B124D2D4B1001C8EA1 /* RemoteUploadModel.swift in Sources */,
				7981748724D4AA03001C8EA1 /* PlacesViewModel.swift in Sources */,
				7981749624D4AEE2001C8EA1 /* MapViewController.swift in Sources */,
				7981732D24D2D4B1001C8EA1 /* AppConfiguration.swift in Sources */,
				7981737E24D2D4B1001C8EA1 /* Loader.swift in Sources */,
				7981733E24D2D4B1001C8EA1 /* ViperViewController.swift in Sources */,
				7981733A24D2D4B1001C8EA1 /* UIView.swift in Sources */,
				7981747D24D4A9CB001C8EA1 /* PlaceCellModel.swift in Sources */,
				7981732F24D2D4B1001C8EA1 /* AppDefaults.swift in Sources */,
				7981749524D4AEE2001C8EA1 /* MapViewModel.swift in Sources */,
				7981738424D2D4B1001C8EA1 /* DisconnectView.swift in Sources */,
				7981733C24D2D4B1001C8EA1 /* ViperPresenter.swift in Sources */,
				7981736C24D2D4B1001C8EA1 /* StyleWrapper+UITableView.swift in Sources */,
				7981739024D2D4B1001C8EA1 /* InitialInteractor.swift in Sources */,
				7981733324D2D4B1001C8EA1 /* AppManager.swift in Sources */,
				7981736024D2D4B1001C8EA1 /* SFPRO.swift in Sources */,
				798173A324D2D4B1001C8EA1 /* ErrorHelper.swift in Sources */,
				7981749724D4AEE2001C8EA1 /* MapAssembly.swift in Sources */,
				7981733824D2D4B1001C8EA1 /* UITextField.swift in Sources */,
				7981736524D2D4B1001C8EA1 /* StyleWrapper.swift in Sources */,
			);
			runOnlyForDeploymentPostprocessing = 0;
		};
/* End PBXSourcesBuildPhase section */

/* Begin PBXVariantGroup section */
		7981733F24D2D4B1001C8EA1 /* LaunchScreen.storyboard */ = {
			isa = PBXVariantGroup;
			children = (
				7981734024D2D4B1001C8EA1 /* Base */,
			);
			name = LaunchScreen.storyboard;
			sourceTree = "<group>";
		};
		7981734324D2D4B1001C8EA1 /* Localizable.strings */ = {
			isa = PBXVariantGroup;
			children = (
				7981734424D2D4B1001C8EA1 /* en */,
				7981734624D2D4B1001C8EA1 /* ru */,
			);
			name = Localizable.strings;
			sourceTree = "<group>";
		};
/* End PBXVariantGroup section */

/* Begin XCBuildConfiguration section */
		798173B324D2D4B1001C8EA1 /* Debug */ = {
			isa = XCBuildConfiguration;
			buildSettings = {
				ALWAYS_SEARCH_USER_PATHS = NO;
				CLANG_ANALYZER_NONNULL = YES;
				CLANG_ANALYZER_NUMBER_OBJECT_CONVERSION = YES_AGGRESSIVE;
				CLANG_CXX_LANGUAGE_STANDARD = "gnu++14";
				CLANG_CXX_LIBRARY = "libc++";
				CLANG_ENABLE_MODULES = YES;
				CLANG_ENABLE_OBJC_ARC = YES;
				CLANG_ENABLE_OBJC_WEAK = YES;
				CLANG_WARN_BLOCK_CAPTURE_AUTORELEASING = YES;
				CLANG_WARN_BOOL_CONVERSION = YES;
				CLANG_WARN_COMMA = YES;
				CLANG_WARN_CONSTANT_CONVERSION = YES;
				CLANG_WARN_DEPRECATED_OBJC_IMPLEMENTATIONS = YES;
				CLANG_WARN_DIRECT_OBJC_ISA_USAGE = YES_ERROR;
				CLANG_WARN_DOCUMENTATION_COMMENTS = YES;
				CLANG_WARN_EMPTY_BODY = YES;
				CLANG_WARN_ENUM_CONVERSION = YES;
				CLANG_WARN_INFINITE_RECURSION = YES;
				CLANG_WARN_INT_CONVERSION = YES;
				CLANG_WARN_NON_LITERAL_NULL_CONVERSION = YES;
				CLANG_WARN_OBJC_IMPLICIT_RETAIN_SELF = YES;
				CLANG_WARN_OBJC_LITERAL_CONVERSION = YES;
				CLANG_WARN_OBJC_ROOT_CLASS = YES_ERROR;
				CLANG_WARN_RANGE_LOOP_ANALYSIS = YES;
				CLANG_WARN_STRICT_PROTOTYPES = YES;
				CLANG_WARN_SUSPICIOUS_MOVE = YES;
				CLANG_WARN_UNGUARDED_AVAILABILITY = YES_AGGRESSIVE;
				CLANG_WARN_UNREACHABLE_CODE = YES;
				CLANG_WARN__DUPLICATE_METHOD_MATCH = YES;
				COPY_PHASE_STRIP = NO;
				DEBUG_INFORMATION_FORMAT = dwarf;
				ENABLE_STRICT_OBJC_MSGSEND = YES;
				ENABLE_TESTABILITY = YES;
				GCC_C_LANGUAGE_STANDARD = gnu11;
				GCC_DYNAMIC_NO_PIC = NO;
				GCC_NO_COMMON_BLOCKS = YES;
				GCC_OPTIMIZATION_LEVEL = 0;
				GCC_PREPROCESSOR_DEFINITIONS = (
					"DEBUG=1",
					"$(inherited)",
				);
				GCC_WARN_64_TO_32_BIT_CONVERSION = YES;
				GCC_WARN_ABOUT_RETURN_TYPE = YES_ERROR;
				GCC_WARN_UNDECLARED_SELECTOR = YES;
				GCC_WARN_UNINITIALIZED_AUTOS = YES_AGGRESSIVE;
				GCC_WARN_UNUSED_FUNCTION = YES;
				GCC_WARN_UNUSED_VARIABLE = YES;
				IPHONEOS_DEPLOYMENT_TARGET = 13.6;
				MTL_ENABLE_DEBUG_INFO = INCLUDE_SOURCE;
				MTL_FAST_MATH = YES;
				ONLY_ACTIVE_ARCH = YES;
				SDKROOT = iphoneos;
				SWIFT_ACTIVE_COMPILATION_CONDITIONS = DEBUG;
				SWIFT_VERSION = 5.1;
			};
			name = Debug;
		};
		798173B424D2D4B1001C8EA1 /* Release */ = {
			isa = XCBuildConfiguration;
			buildSettings = {
				ALWAYS_SEARCH_USER_PATHS = NO;
				CLANG_ANALYZER_NONNULL = YES;
				CLANG_ANALYZER_NUMBER_OBJECT_CONVERSION = YES_AGGRESSIVE;
				CLANG_CXX_LANGUAGE_STANDARD = "gnu++14";
				CLANG_CXX_LIBRARY = "libc++";
				CLANG_ENABLE_MODULES = YES;
				CLANG_ENABLE_OBJC_ARC = YES;
				CLANG_ENABLE_OBJC_WEAK = YES;
				CLANG_WARN_BLOCK_CAPTURE_AUTORELEASING = YES;
				CLANG_WARN_BOOL_CONVERSION = YES;
				CLANG_WARN_COMMA = YES;
				CLANG_WARN_CONSTANT_CONVERSION = YES;
				CLANG_WARN_DEPRECATED_OBJC_IMPLEMENTATIONS = YES;
				CLANG_WARN_DIRECT_OBJC_ISA_USAGE = YES_ERROR;
				CLANG_WARN_DOCUMENTATION_COMMENTS = YES;
				CLANG_WARN_EMPTY_BODY = YES;
				CLANG_WARN_ENUM_CONVERSION = YES;
				CLANG_WARN_INFINITE_RECURSION = YES;
				CLANG_WARN_INT_CONVERSION = YES;
				CLANG_WARN_NON_LITERAL_NULL_CONVERSION = YES;
				CLANG_WARN_OBJC_IMPLICIT_RETAIN_SELF = YES;
				CLANG_WARN_OBJC_LITERAL_CONVERSION = YES;
				CLANG_WARN_OBJC_ROOT_CLASS = YES_ERROR;
				CLANG_WARN_RANGE_LOOP_ANALYSIS = YES;
				CLANG_WARN_STRICT_PROTOTYPES = YES;
				CLANG_WARN_SUSPICIOUS_MOVE = YES;
				CLANG_WARN_UNGUARDED_AVAILABILITY = YES_AGGRESSIVE;
				CLANG_WARN_UNREACHABLE_CODE = YES;
				CLANG_WARN__DUPLICATE_METHOD_MATCH = YES;
				COPY_PHASE_STRIP = NO;
				DEBUG_INFORMATION_FORMAT = "dwarf-with-dsym";
				ENABLE_NS_ASSERTIONS = NO;
				ENABLE_STRICT_OBJC_MSGSEND = YES;
				GCC_C_LANGUAGE_STANDARD = gnu11;
				GCC_NO_COMMON_BLOCKS = YES;
				GCC_WARN_64_TO_32_BIT_CONVERSION = YES;
				GCC_WARN_ABOUT_RETURN_TYPE = YES_ERROR;
				GCC_WARN_UNDECLARED_SELECTOR = YES;
				GCC_WARN_UNINITIALIZED_AUTOS = YES_AGGRESSIVE;
				GCC_WARN_UNUSED_FUNCTION = YES;
				GCC_WARN_UNUSED_VARIABLE = YES;
				IPHONEOS_DEPLOYMENT_TARGET = 13.6;
				MTL_ENABLE_DEBUG_INFO = NO;
				MTL_FAST_MATH = YES;
				SDKROOT = iphoneos;
				SWIFT_ACTIVE_COMPILATION_CONDITIONS = "";
				SWIFT_VERSION = 5.1;
				VALIDATE_PRODUCT = YES;
			};
			name = Release;
		};
		798173B624D2D4B1001C8EA1 /* Debug */ = {
			isa = XCBuildConfiguration;
			baseConfigurationReference = 94EBE1C1855E14772C99BEAC /* Pods-DEMO Favorite Locations.debug.xcconfig */;
			buildSettings = {
				ASSETCATALOG_COMPILER_APPICON_NAME = AppIcon;
				CODE_SIGN_STYLE = Automatic;
				DEVELOPMENT_TEAM = 96Q9U9SZGB;
				INFOPLIST_FILE = "DEMO Favorite Locations/Info.plist";
				LD_RUNPATH_SEARCH_PATHS = (
					"$(inherited)",
					"@executable_path/Frameworks",
				);
				PRODUCT_BUNDLE_IDENTIFIER = "jw.DEMO-Favorite-Locations";
				PRODUCT_NAME = "$(TARGET_NAME)";
				TARGETED_DEVICE_FAMILY = "1,2";
			};
			name = Debug;
		};
		798173B724D2D4B1001C8EA1 /* Release */ = {
			isa = XCBuildConfiguration;
			baseConfigurationReference = AE332B5A21EBECC0816EA41F /* Pods-DEMO Favorite Locations.release.xcconfig */;
			buildSettings = {
				ASSETCATALOG_COMPILER_APPICON_NAME = AppIcon;
				CODE_SIGN_STYLE = Automatic;
				DEVELOPMENT_TEAM = 96Q9U9SZGB;
				INFOPLIST_FILE = "DEMO Favorite Locations/Info.plist";
				LD_RUNPATH_SEARCH_PATHS = (
					"$(inherited)",
					"@executable_path/Frameworks",
				);
				PRODUCT_BUNDLE_IDENTIFIER = "jw.DEMO-Favorite-Locations";
				PRODUCT_NAME = "$(TARGET_NAME)";
				TARGETED_DEVICE_FAMILY = "1,2";
			};
			name = Release;
		};
/* End XCBuildConfiguration section */

/* Begin XCConfigurationList section */
		7981731C24D2D4B1001C8EA1 /* Build configuration list for PBXProject "DEMO Favorite Locations" */ = {
			isa = XCConfigurationList;
			buildConfigurations = (
				798173B324D2D4B1001C8EA1 /* Debug */,
				798173B424D2D4B1001C8EA1 /* Release */,
			);
			defaultConfigurationIsVisible = 0;
			defaultConfigurationName = Release;
		};
		798173B524D2D4B1001C8EA1 /* Build configuration list for PBXNativeTarget "DEMO Favorite Locations" */ = {
			isa = XCConfigurationList;
			buildConfigurations = (
				798173B624D2D4B1001C8EA1 /* Debug */,
				798173B724D2D4B1001C8EA1 /* Release */,
			);
			defaultConfigurationIsVisible = 0;
			defaultConfigurationName = Release;
		};
/* End XCConfigurationList section */
	};
	rootObject = 7981731924D2D4B1001C8EA1 /* Project object */;
}
